version = 1
revision = 3
requires-python = ">=3.14"

[[package]]
name = "selectolax"
version = "0.4.11"
source = { registry = "https://pypi.org/simple" }
sdist = { url = "https://files.pythonhosted.org/packages/39/6c/aec38dfee314a38cb7c0940fe055b22f22627b3e0a216772c24372eef3a9/selectolax-0.4.11.tar.gz", hash = "sha256:2b565ddabce6c9a7b73fa28a39acf8f411a084fa2f169234ec2470f552d4421d", size = 4883455, upload-time = "2026-07-15T07:25:30.588Z" }
wheels = [
    { url = "https://files.pythonhosted.org/packages/08/5a/ba94f50ca5a6a0af65e8d47147bbe9f6ad11c408fd03c832ea737836d3eb/selectolax-0.4.11-cp314-cp314-macosx_10_13_x86_64.whl", hash = "sha256:663ff792f92ed749cfcf452ac19aff5da74b05521e7daacb3b74388deb14d117", size = 2266464, upload-time = "2026-07-15T07:24:41.038Z" },
    { url = "https://files.pythonhosted.org/packages/12/fe/f4d7d554cd7db415c831c8fb5a2b6bbbe3bdf5a49c8f417a6093d4618d6c/selectolax-0.4.11-cp314-cp314-macosx_11_0_arm64.whl", hash = "sha256:d5ce592a92fceeca2694b369a83ad72891a9c356f668718fe7e1c83eea407bb4", size = 2317609, upload-time = "2026-07-15T07:24:42.682Z" },
    { url = "https://files.pythonhosted.org/packages/96/d6/9d702075634c1a38517a8af4242346bf0e65f206703037b56cf8da114eec/selectolax-0.4.11-cp314-cp314-manylinux2014_aarch64.manylinux_2_17_aarch64.manylinux_2_28_aarch64.whl", hash = "sha256:b0f56c49161b18621ac452e42e02b0c5c61ba4c21095cfff3990e040bd9a043c", size = 2382277, upload-time = "2026-07-15T07:24:44.331Z" },
    { url = "https://files.pythonhosted.org/packages/84/c3/f541806ec7bdd0ce8ec69351572d2f2b3919264818cd5bb792482684d492/selectolax-0.4.11-cp314-cp314-manylinux2014_x86_64.manylinux_2_17_x86_64.manylinux_2_28_x86_64.whl", hash = "sha256:224682039ca13eb822be626e49a03592ee2b8557bcdc6381e49417a995170c94", size = 2430423, upload-time = "2026-07-15T07:24:45.937Z" },
    { url = "https://files.pythonhosted.org/packages/70/81/533fa254be8e63b1c0fbe261ba4e2c1ca86357a4844b0830a0d7ae0985f9/selectolax-0.4.11-cp314-cp314-musllinux_1_2_aarch64.whl", hash = "sha256:bd843540a197a33049a08fd80e59bfeafbaa688e632d53a05a9b65af5e88296f", size = 2404012, upload-time = "2026-07-15T07:24:47.774Z" },
    { url = "https://files.pythonhosted.org/packages/25/5a/3fc3de5bfdc70af07d55bdc17837b5fd4ae6229444868f057085addd9a18/selectolax-0.4.11-cp314-cp314-musllinux_1_2_x86_64.whl", hash = "sha256:2b842c829f916fecb51f0f55882eca3e2ad49e85388178f14ae6fe0912be0a57", size = 2466775, upload-time = "2026-07-15T07:24:49.387Z" },
    { url = "https://files.pythonhosted.org/packages/f2/42/62c66067cbd3c360f762ac6964793091ea0371b3527ca2bf90955fb0b6f3/selectolax-0.4.11-cp314-cp314-win32.whl", hash = "sha256:d33e2ed75cc33e7af3fd50521c33e7d8634fae23bc197a6cee6a5015e056eef6", size = 1875717, upload-time = "2026-07-15T07:24:50.996Z" },
    { url = "https://files.pythonhosted.org/packages/14/b5/6d9ed39e909752645798c1469fb9443c0880ede999e63241ee89e91c7a54/selectolax-0.4.11-cp314-cp314-win_amd64.whl", hash = "sha256:e5929cbe3eedfaf51a09ec89642ab5355b703486d43bcf3c8f0c27d6043a488d", size = 1994595, upload-time = "2026-07-15T07:24:53.143Z" },
    { url = "https://files.pythonhosted.org/packages/49/f9/f172cfe8c29e295b9d7bc79e5b071937470f74311cd04dc3090d4166520a/selectolax-0.4.11-cp314-cp314-win_arm64.whl", hash = "sha256:466daca0599408c9d2cad7658a68490facc5c9b8d0f41ac5d17948914f57306f", size = 1928531, upload-time = "2026-07-15T07:24:55.539Z" },
    { url = "https://files.pythonhosted.org/packages/97/e9/6289d23fa4e5ccd5570a31c9180616a2e3c87ec565f7887bcfbca6204b6d/selectolax-0.4.11-cp314-cp314t-macosx_10_13_x86_64.whl", hash = "sha256:086ca6f7e4c475bfff871ec1448ae5d342d43d6a2ca2cea65160d01b3a6a75ec", size = 2281363, upload-time = "2026-07-15T07:24:57.054Z" },
    { url = "https://files.pythonhosted.org/packages/06/c4/1fbf3624f9e52dadda8471dfb68eaf6021e819b827cdb62ce878fa28f469/selectolax-0.4.11-cp314-cp314t-macosx_11_0_arm64.whl", hash = "sha256:b530a2c4fad7400af27b2b7e0333c1318ecb5f5dc38e8a141dbe3bd81b398fdf", size = 2325491, upload-time = "2026-07-15T07:24:58.969Z" },
    { url = "https://files.pythonhosted.org/packages/b6/ba/25710a259ecb2b66b9168956b768a2651533c8ea813da9decb0e0f3ee39a/selectolax-0.4.11-cp314-cp314t-manylinux2014_aarch64.manylinux_2_17_aarch64.manylinux_2_28_aarch64.whl", hash = "sha256:3637d21f7fe60fbd6ca3dbc67a1747f6a55a9389114d72f06b5d69ba2beddf01", size = 2387575, upload-time = "2026-07-15T07:25:00.788Z" },
    { url = "https://files.pythonhosted.org/packages/bc/73/331f83e64e3a17478e832308248345d5224957eb7a62dad2e7fc5daa15b3/selectolax-0.4.11-cp314-cp314t-manylinux2014_x86_64.manylinux_2_17_x86_64.manylinux_2_28_x86_64.whl", hash = "sha256:fad5b1065f73eeaa07ea343cbc548aaa9f9a5c359c3bdd8d98f5d80b61550d1c", size = 2439126, upload-time = "2026-07-15T07:25:02.574Z" },
    { url = "https://files.pythonhosted.org/packages/d0/33/ab29a558dc65d3a1e28c217b62605b5135123ad89f1f825c8b741366e0fc/selectolax-0.4.11-cp314-cp314t-musllinux_1_2_aarch64.whl", hash = "sha256:1da54e42ab99b9191269306e13c0fd67ada1c6654e8dc8d74fac615931dd3c62", size = 2412927, upload-time = "2026-07-15T07:25:04.375Z" },
    { url = "https://files.pythonhosted.org/packages/ae/b6/e774ec9179d7524adf47d7187b3e4e630104e149b2fbcbfe06088a3f4847/selectolax-0.4.11-cp314-cp314t-musllinux_1_2_x86_64.whl", hash = "sha256:28915b8fa90c1c3cb585858a6d24d433a3f38ea514aea59013bdb0930d9f6025", size = 2475264, upload-time = "2026-07-15T07:25:05.996Z" },
    { url = "https://files.pythonhosted.org/packages/97/14/0b4865125e777c9d852c9e388c1165e2ef4d7f1fb46596b13a1c02153fe7/selectolax-0.4.11-cp314-cp314t-win32.whl", hash = "sha256:1a6deb4464198ac67f32e56c4463aedf3e1d834b458eaac5b5b5b1ef02dcf15e", size = 1898010, upload-time = "2026-07-15T07:25:07.859Z" },
    { url = "https://files.pythonhosted.org/packages/40/1a/88db3237f2fb357119164c4f5a33a659615e3d10dd0f773d092341ee0cc4/selectolax-0.4.11-cp314-cp314t-win_amd64.whl", hash = "sha256:41f388c26304c1d840f5ee5e07c06bb9388ec834d10fec60dc148f22f98efd38", size = 2019721, upload-time = "2026-07-15T07:25:09.471Z" },
    { url = "https://files.pythonhosted.org/packages/37/03/193913c0f3d37c1e8d66ebfa0f139b2f286f70ec285907aa98b44a620447/selectolax-0.4.11-cp314-cp314t-win_arm64.whl", hash = "sha256:9077fa36e99ef4bb801194ff8f492f67279c0562e7cdfa9b4d06f5c010131969", size = 1950774, upload-time = "2026-07-15T07:25:11.533Z" },
]

[[package]]
name = "super-formula-ical"
version = "0.1.0"
source = { virtual = "." }
dependencies = [
    { name = "selectolax" },
]

[package.metadata]
requires-dist = [{ name = "selectolax", specifier = "==0.4.11" }]
